
Microsoft Visual Studio Solution File, Format Version 12.00
# Visual Studio Version 17
VisualStudioVersion = 17.9.34728.123
MinimumVisualStudioVersion = 10.0.40219.1
Project("{FAE04EC0-301F-11D3-BF4B-00C04F79EFBC}") = "RealEstate_Dapper_Api", "RealEstate_Dapper_Api\RealEstate_Dapper_Api.csproj", "{AF3B435A-9354-4EC1-BA82-DF2775FA382F}"
EndProject
Project("{FAE04EC0-301F-11D3-BF4B-00C04F79EFBC}") = "RealEstate_Dapper_UI", "RealEstate_Dapper_UI\RealEstate_Dapper_UI.csproj", "{82BD6861-11E0-4BFC-8431-29BF580DD516}"
EndProject
Global
	GlobalSection(SolutionConfigurationPlatforms) = preSolution
		Debug|Any CPU = Debug|Any CPU
		Release|Any CPU = Release|Any CPU
	EndGlobalSection
	GlobalSection(ProjectConfigurationPlatforms) = postSolution
		{AF3B435A-9354-4EC1-BA82-DF2775FA382F}.Debug|Any CPU.ActiveCfg = Debug|Any CPU
		{AF3B435A-9354-4EC1-BA82-DF2775FA382F}.Debug|Any CPU.Build.0 = Debug|Any CPU
		{AF3B435A-9354-4EC1-BA82-DF2775FA382F}.Release|Any CPU.ActiveCfg = Release|Any CPU
		{AF3B435A-9354-4EC1-BA82-DF2775FA382F}.Release|Any CPU.Build.0 = Release|Any CPU
		{82BD6861-11E0-4BFC-8431-29BF580DD516}.Debug|Any CPU.ActiveCfg = Debug|Any CPU
		{82BD6861-11E0-4BFC-8431-29BF580DD516}.Debug|Any CPU.Build.0 = Debug|Any CPU
		{82BD6861-11E0-4BFC-8431-29BF580DD516}.Release|Any CPU.ActiveCfg = Release|Any CPU
		{82BD6861-11E0-4BFC-8431-29BF580DD516}.Release|Any CPU.Build.0 = Release|Any CPU
	EndGlobalSection
	GlobalSection(SolutionProperties) = preSolution
		HideSolutionNode = FALSE
	EndGlobalSection
	GlobalSection(ExtensibilityGlobals) = postSolution
		SolutionGuid = {2B245443-0B7D-49A8-A4F8-209DD9BBA45A}
	EndGlobalSection
EndGlobal
